
Microsoft Visual Studio Solution File, Format Version 12.00
# Visual Studio Version 17
VisualStudioVersion = 17.9.34728.123
MinimumVisualStudioVersion = 10.0.40219.1
Project("{FAE04EC0-301F-11D3-BF4B-00C04F79EFBC}") = "Inheritance", "Inheritance\Inheritance.csproj", "{46FC44C5-B878-432C-BAAE-D3EB1981EE83}"
EndProject
Project("{FAE04EC0-301F-11D3-BF4B-00C04F79EFBC}") = "Constructors", "Constructors\Constructors.csproj", "{4E62EF23-23E2-4C3E-B413-536DCBF10006}"
EndProject
Project("{FAE04EC0-301F-11D3-BF4B-00C04F79EFBC}") = "Encapsulation", "Encapsulation\Encapsulation.csproj", "{F55B48F4-44E1-4960-BBB8-84FCDFFFE95D}"
EndProject
Global
	GlobalSection(SolutionConfigurationPlatforms) = preSolution
		Debug|Any CPU = Debug|Any CPU
		Release|Any CPU = Release|Any CPU
	EndGlobalSection
	GlobalSection(ProjectConfigurationPlatforms) = postSolution
		{46FC44C5-B878-432C-BAAE-D3EB1981EE83}.Debug|Any CPU.ActiveCfg = Debug|Any CPU
		{46FC44C5-B878-432C-BAAE-D3EB1981EE83}.Debug|Any CPU.Build.0 = Debug|Any CPU
		{46FC44C5-B878-432C-BAAE-D3EB1981EE83}.Release|Any CPU.ActiveCfg = Release|Any CPU
		{46FC44C5-B878-432C-BAAE-D3EB1981EE83}.Release|Any CPU.Build.0 = Release|Any CPU
		{4E62EF23-23E2-4C3E-B413-536DCBF10006}.Debug|Any CPU.ActiveCfg = Debug|Any CPU
		{4E62EF23-23E2-4C3E-B413-536DCBF10006}.Debug|Any CPU.Build.0 = Debug|Any CPU
		{4E62EF23-23E2-4C3E-B413-536DCBF10006}.Release|Any CPU.ActiveCfg = Release|Any CPU
		{4E62EF23-23E2-4C3E-B413-536DCBF10006}.Release|Any CPU.Build.0 = Release|Any CPU
		{F55B48F4-44E1-4960-BBB8-84FCDFFFE95D}.Debug|Any CPU.ActiveCfg = Debug|Any CPU
		{F55B48F4-44E1-4960-BBB8-84FCDFFFE95D}.Debug|Any CPU.Build.0 = Debug|Any CPU
		{F55B48F4-44E1-4960-BBB8-84FCDFFFE95D}.Release|Any CPU.ActiveCfg = Release|Any CPU
		{F55B48F4-44E1-4960-BBB8-84FCDFFFE95D}.Release|Any CPU.Build.0 = Release|Any CPU
	EndGlobalSection
	GlobalSection(SolutionProperties) = preSolution
		HideSolutionNode = FALSE
	EndGlobalSection
	GlobalSection(ExtensibilityGlobals) = postSolution
		SolutionGuid = {3A56780A-ACC0-45AD-9787-F05535C087A3}
	EndGlobalSection
EndGlobal
