
Microsoft Visual Studio Solution File, Format Version 12.00
# Visual Studio Version 17
VisualStudioVersion = 17.9.34622.214
MinimumVisualStudioVersion = 10.0.40219.1
Project("{FAE04EC0-301F-11D3-BF4B-00C04F79EFBC}") = "OOP2", "OOP2\OOP2.csproj", "{CA8721E8-6A0E-411B-901C-C4F3A08861B3}"
EndProject
Global
	GlobalSection(SolutionConfigurationPlatforms) = preSolution
		Debug|Any CPU = Debug|Any CPU
		Release|Any CPU = Release|Any CPU
	EndGlobalSection
	GlobalSection(ProjectConfigurationPlatforms) = postSolution
		{CA8721E8-6A0E-411B-901C-C4F3A08861B3}.Debug|Any CPU.ActiveCfg = Debug|Any CPU
		{CA8721E8-6A0E-411B-901C-C4F3A08861B3}.Debug|Any CPU.Build.0 = Debug|Any CPU
		{CA8721E8-6A0E-411B-901C-C4F3A08861B3}.Release|Any CPU.ActiveCfg = Release|Any CPU
		{CA8721E8-6A0E-411B-901C-C4F3A08861B3}.Release|Any CPU.Build.0 = Release|Any CPU
	EndGlobalSection
	GlobalSection(SolutionProperties) = preSolution
		HideSolutionNode = FALSE
	EndGlobalSection
	GlobalSection(ExtensibilityGlobals) = postSolution
		SolutionGuid = {0213A691-C8EE-4FBD-BC39-61469717FFA4}
	EndGlobalSection
EndGlobal
