
Microsoft Visual Studio Solution File, Format Version 12.00
# Visual Studio Version 17
VisualStudioVersion = 17.9.34902.65
MinimumVisualStudioVersion = 10.0.40219.1
Project("{FAE04EC0-301F-11D3-BF4B-00C04F79EFBC}") = "ArrayReview", "ArrayReview\ArrayReview.csproj", "{30EB531D-D8F5-43FA-9D00-3D65F581F040}"
EndProject
Global
	GlobalSection(SolutionConfigurationPlatforms) = preSolution
		Debug|Any CPU = Debug|Any CPU
		Release|Any CPU = Release|Any CPU
	EndGlobalSection
	GlobalSection(ProjectConfigurationPlatforms) = postSolution
		{30EB531D-D8F5-43FA-9D00-3D65F581F040}.Debug|Any CPU.ActiveCfg = Debug|Any CPU
		{30EB531D-D8F5-43FA-9D00-3D65F581F040}.Debug|Any CPU.Build.0 = Debug|Any CPU
		{30EB531D-D8F5-43FA-9D00-3D65F581F040}.Release|Any CPU.ActiveCfg = Release|Any CPU
		{30EB531D-D8F5-43FA-9D00-3D65F581F040}.Release|Any CPU.Build.0 = Release|Any CPU
	EndGlobalSection
	GlobalSection(SolutionProperties) = preSolution
		HideSolutionNode = FALSE
	EndGlobalSection
	GlobalSection(ExtensibilityGlobals) = postSolution
		SolutionGuid = {FFA225D3-24FD-4FFD-B62C-CEC7932FFAA7}
	EndGlobalSection
EndGlobal
